
Microsoft Visual Studio Solution File, Format Version 12.00
# Visual Studio Version 16
VisualStudioVersion = 16.0.31019.35
MinimumVisualStudioVersion = 10.0.40219.1
Project("{FAE04EC0-301F-11D3-BF4B-00C04F79EFBC}") = "7.NumericalSequence", "7.NumericalSequence.csproj", "{807C0E33-98A5-41C3-B7F6-83A638E7C64A}"
EndProject
Project("{FAE04EC0-301F-11D3-BF4B-00C04F79EFBC}") = "ConsoleTaskLibrary", "..\Libraries\SoftServeProjectsLibrary\ConsoleTaskLibrary.csproj", "{D25ABA2E-17E4-413F-88C8-4DEA3E78656D}"
EndProject
Global
	GlobalSection(SolutionConfigurationPlatforms) = preSolution
		Debug|Any CPU = Debug|Any CPU
		Release|Any CPU = Release|Any CPU
	EndGlobalSection
	GlobalSection(ProjectConfigurationPlatforms) = postSolution
		{807C0E33-98A5-41C3-B7F6-83A638E7C64A}.Debug|Any CPU.ActiveCfg = Debug|Any CPU
		{807C0E33-98A5-41C3-B7F6-83A638E7C64A}.Debug|Any CPU.Build.0 = Debug|Any CPU
		{807C0E33-98A5-41C3-B7F6-83A638E7C64A}.Release|Any CPU.ActiveCfg = Release|Any CPU
		{807C0E33-98A5-41C3-B7F6-83A638E7C64A}.Release|Any CPU.Build.0 = Release|Any CPU
		{D25ABA2E-17E4-413F-88C8-4DEA3E78656D}.Debug|Any CPU.ActiveCfg = Debug|Any CPU
		{D25ABA2E-17E4-413F-88C8-4DEA3E78656D}.Debug|Any CPU.Build.0 = Debug|Any CPU
		{D25ABA2E-17E4-413F-88C8-4DEA3E78656D}.Release|Any CPU.ActiveCfg = Release|Any CPU
		{D25ABA2E-17E4-413F-88C8-4DEA3E78656D}.Release|Any CPU.Build.0 = Release|Any CPU
	EndGlobalSection
	GlobalSection(SolutionProperties) = preSolution
		HideSolutionNode = FALSE
	EndGlobalSection
	GlobalSection(ExtensibilityGlobals) = postSolution
		SolutionGuid = {336F4BEB-38FC-42CC-BDFB-FBFD5549938B}
	EndGlobalSection
EndGlobal
